// !$*UTF8*$!
{
	archiveVersion = 1;
	classes = {
	};
	objectVersion = 46;
	objects = {

/* Begin PBXBuildFile section */
		C5BD08271C1C7548002F0F36 /* main.m in Sources */ = {isa = PBXBuildFile; fileRef = C5BD08261C1C7548002F0F36 /* main.m */; };
		C5BD082A1C1C7548002F0F36 /* AppDelegate.m in Sources */ = {isa = PBXBuildFile; fileRef = C5BD08291C1C7548002F0F36 /* AppDelegate.m */; };
		C5BD082D1C1C7548002F0F36 /* ViewController.m in Sources */ = {isa = PBXBuildFile; fileRef = C5BD082C1C1C7548002F0F36 /* ViewController.m */; };
		C5BD08301C1C7548002F0F36 /* Main.storyboard in Resources */ = {isa = PBXBuildFile; fileRef = C5BD082E1C1C7548002F0F36 /* Main.storyboard */; };
		C5BD08321C1C7548002F0F36 /* Assets.xcassets in Resources */ = {isa = PBXBuildFile; fileRef = C5BD08311C1C7548002F0F36 /* Assets.xcassets */; };
		C5BD08351C1C7548002F0F36 /* LaunchScreen.storyboard in Resources */ = {isa = PBXBuildFile; fileRef = C5BD08331C1C7548002F0F36 /* LaunchScreen.storyboard */; };
		C5BD08401C1C7549002F0F36 /* JS_OjbC_Interaction_DemoTests.m in Sources */ = {isa = PBXBuildFile; fileRef = C5BD083F1C1C7549002F0F36 /* JS_OjbC_Interaction_DemoTests.m */; };
		C5BD084B1C1C7549002F0F36 /* JS_OjbC_Interaction_DemoUITests.m in Sources */ = {isa = PBXBuildFile; fileRef = C5BD084A1C1C7549002F0F36 /* JS_OjbC_Interaction_DemoUITests.m */; };
		C5BD08591C1C75B6002F0F36 /* Test.html in Resources */ = {isa = PBXBuildFile; fileRef = C5BD08581C1C75B6002F0F36 /* Test.html */; };
		C5BD085C1C1C760D002F0F36 /* JavaScriptContext.m in Sources */ = {isa = PBXBuildFile; fileRef = C5BD085B1C1C760D002F0F36 /* JavaScriptContext.m */; };
/* End PBXBuildFile section */

/* Begin PBXContainerItemProxy section */
		C5BD083C1C1C7549002F0F36 /* PBXContainerItemProxy */ = {
			isa = PBXContainerItemProxy;
			containerPortal = C5BD081A1C1C7548002F0F36 /* Project object */;
			proxyType = 1;
			remoteGlobalIDString = C5BD08211C1C7548002F0F36;
			remoteInfo = JS_OjbC_Interaction_Demo;
		};
		C5BD08471C1C7549002F0F36 /* PBXContainerItemProxy */ = {
			isa = PBXContainerItemProxy;
			containerPortal = C5BD081A1C1C7548002F0F36 /* Project object */;
			proxyType = 1;
			remoteGlobalIDString = C5BD08211C1C7548002F0F36;
			remoteInfo = JS_OjbC_Interaction_Demo;
		};
/* End PBXContainerItemProxy section */

/* Begin PBXFileReference section */
		C5BD08221C1C7548002F0F36 /* JS_OjbC_Interaction_Demo.app */ = {isa = PBXFileReference; explicitFileType = wrapper.application; includeInIndex = 0; path = JS_OjbC_Interaction_Demo.app; sourceTree = BUILT_PRODUCTS_DIR; };
		C5BD08261C1C7548002F0F36 /* main.m */ = {isa = PBXFileReference; lastKnownFileType = sourcecode.c.objc; path = main.m; sourceTree = "<group>"; };
		C5BD08281C1C7548002F0F36 /* AppDelegate.h */ = {isa = PBXFileReference; lastKnownFileType = sourcecode.c.h; path = AppDelegate.h; sourceTree = "<group>"; };
		C5BD08291C1C7548002F0F36 /* AppDelegate.m */ = {isa = PBXFileReference; lastKnownFileType = sourcecode.c.objc; path = AppDelegate.m; sourceTree = "<group>"; };
		C5BD082B1C1C7548002F0F36 /* ViewController.h */ = {isa = PBXFileReference; lastKnownFileType = sourcecode.c.h; path = ViewController.h; sourceTree = "<group>"; };
		C5BD082C1C1C7548002F0F36 /* ViewController.m */ = {isa = PBXFileReference; lastKnownFileType = sourcecode.c.objc; path = ViewController.m; sourceTree = "<group>"; };
		C5BD082F1C1C7548002F0F36 /* Base */ = {isa = PBXFileReference; lastKnownFileType = file.storyboard; name = Base; path = Base.lproj/Main.storyboard; sourceTree = "<group>"; };
		C5BD08311C1C7548002F0F36 /* Assets.xcassets */ = {isa = PBXFileReference; lastKnownFileType = folder.assetcatalog; path = Assets.xcassets; sourceTree = "<group>"; };
		C5BD08341C1C7548002F0F36 /* Base */ = {isa = PBXFileReference; lastKnownFileType = file.storyboard; name = Base; path = Base.lproj/LaunchScreen.storyboard; sourceTree = "<group>"; };
		C5BD08361C1C7548002F0F36 /* Info.plist */ = {isa = PBXFileReference; lastKnownFileType = text.plist.xml; path = Info.plist; sourceTree = "<group>"; };
		C5BD083B1C1C7549002F0F36 /* JS_OjbC_Interaction_DemoTests.xctest */ = {isa = PBXFileReference; explicitFileType = wrapper.cfbundle; includeInIndex = 0; path = JS_OjbC_Interaction_DemoTests.xctest; sourceTree = BUILT_PRODUCTS_DIR; };
		C5BD083F1C1C7549002F0F36 /* JS_OjbC_Interaction_DemoTests.m */ = {isa = PBXFileReference; lastKnownFileType = sourcecode.c.objc; path = JS_OjbC_Interaction_DemoTests.m; sourceTree = "<group>"; };
		C5BD08411C1C7549002F0F36 /* Info.plist */ = {isa = PBXFileReference; lastKnownFileType = text.plist.xml; path = Info.plist; sourceTree = "<group>"; };
		C5BD08461C1C7549002F0F36 /* JS_OjbC_Interaction_DemoUITests.xctest */ = {isa = PBXFileReference; explicitFileType = wrapper.cfbundle; includeInIndex = 0; path = JS_OjbC_Interaction_DemoUITests.xctest; sourceTree = BUILT_PRODUCTS_DIR; };
		C5BD084A1C1C7549002F0F36 /* JS_OjbC_Interaction_DemoUITests.m */ = {isa = PBXFileReference; lastKnownFileType = sourcecode.c.objc; path = JS_OjbC_Interaction_DemoUITests.m; sourceTree = "<group>"; };
		C5BD084C1C1C7549002F0F36 /* Info.plist */ = {isa = PBXFileReference; lastKnownFileType = text.plist.xml; path = Info.plist; sourceTree = "<group>"; };
		C5BD08581C1C75B6002F0F36 /* Test.html */ = {isa = PBXFileReference; fileEncoding = 4; lastKnownFileType = text.html; path = Test.html; sourceTree = "<group>"; };
		C5BD085A1C1C760D002F0F36 /* JavaScriptContext.h */ = {isa = PBXFileReference; fileEncoding = 4; lastKnownFileType = sourcecode.c.h; path = JavaScriptContext.h; sourceTree = "<group>"; };
		C5BD085B1C1C760D002F0F36 /* JavaScriptContext.m */ = {isa = PBXFileReference; fileEncoding = 4; lastKnownFileType = sourcecode.c.objc; path = JavaScriptContext.m; sourceTree = "<group>"; };
/* End PBXFileReference section */

/* Begin PBXFrameworksBuildPhase section */
		C5BD081F1C1C7548002F0F36 /* Frameworks */ = {
			isa = PBXFrameworksBuildPhase;
			buildActionMask = 2147483647;
			files = (
			);
			runOnlyForDeploymentPostprocessing = 0;
		};
		C5BD08381C1C7549002F0F36 /* Frameworks */ = {
			isa = PBXFrameworksBuildPhase;
			buildActionMask = 2147483647;
			files = (
			);
			runOnlyForDeploymentPostprocessing = 0;
		};
		C5BD08431C1C7549002F0F36 /* Frameworks */ = {
			isa = PBXFrameworksBuildPhase;
			buildActionMask = 2147483647;
			files = (
			);
			runOnlyForDeploymentPostprocessing = 0;
		};
/* End PBXFrameworksBuildPhase section */

/* Begin PBXGroup section */
		C5BD08191C1C7548002F0F36 = {
			isa = PBXGroup;
			children = (
				C5BD08241C1C7548002F0F36 /* JS_OjbC_Interaction_Demo */,
				C5BD083E1C1C7549002F0F36 /* JS_OjbC_Interaction_DemoTests */,
				C5BD08491C1C7549002F0F36 /* JS_OjbC_Interaction_DemoUITests */,
				C5BD08231C1C7548002F0F36 /* Products */,
			);
			sourceTree = "<group>";
		};
		C5BD08231C1C7548002F0F36 /* Products */ = {
			isa = PBXGroup;
			children = (
				C5BD08221C1C7548002F0F36 /* JS_OjbC_Interaction_Demo.app */,
				C5BD083B1C1C7549002F0F36 /* JS_OjbC_Interaction_DemoTests.xctest */,
				C5BD08461C1C7549002F0F36 /* JS_OjbC_Interaction_DemoUITests.xctest */,
			);
			name = Products;
			sourceTree = "<group>";
		};
		C5BD08241C1C7548002F0F36 /* JS_OjbC_Interaction_Demo */ = {
			isa = PBXGroup;
			children = (
				C5BD08581C1C75B6002F0F36 /* Test.html */,
				C5BD085A1C1C760D002F0F36 /* JavaScriptContext.h */,
				C5BD085B1C1C760D002F0F36 /* JavaScriptContext.m */,
				C5BD08281C1C7548002F0F36 /* AppDelegate.h */,
				C5BD08291C1C7548002F0F36 /* AppDelegate.m */,
				C5BD082B1C1C7548002F0F36 /* ViewController.h */,
				C5BD082C1C1C7548002F0F36 /* ViewController.m */,
				C5BD082E1C1C7548002F0F36 /* Main.storyboard */,
				C5BD08311C1C7548002F0F36 /* Assets.xcassets */,
				C5BD08331C1C7548002F0F36 /* LaunchScreen.storyboard */,
				C5BD08361C1C7548002F0F36 /* Info.plist */,
				C5BD08251C1C7548002F0F36 /* Supporting Files */,
			);
			path = JS_OjbC_Interaction_Demo;
			sourceTree = "<group>";
		};
		C5BD08251C1C7548002F0F36 /* Supporting Files */ = {
			isa = PBXGroup;
			children = (
				C5BD08261C1C7548002F0F36 /* main.m */,
			);
			name = "Supporting Files";
			sourceTree = "<group>";
		};
		C5BD083E1C1C7549002F0F36 /* JS_OjbC_Interaction_DemoTests */ = {
			isa = PBXGroup;
			children = (
				C5BD083F1C1C7549002F0F36 /* JS_OjbC_Interaction_DemoTests.m */,
				C5BD08411C1C7549002F0F36 /* Info.plist */,
			);
			path = JS_OjbC_Interaction_DemoTests;
			sourceTree = "<group>";
		};
		C5BD08491C1C7549002F0F36 /* JS_OjbC_Interaction_DemoUITests */ = {
			isa = PBXGroup;
			children = (
				C5BD084A1C1C7549002F0F36 /* JS_OjbC_Interaction_DemoUITests.m */,
				C5BD084C1C1C7549002F0F36 /* Info.plist */,
			);
			path = JS_OjbC_Interaction_DemoUITests;
			sourceTree = "<group>";
		};
/* End PBXGroup section */

/* Begin PBXNativeTarget section */
		C5BD08211C1C7548002F0F36 /* JS_OjbC_Interaction_Demo */ = {
			isa = PBXNativeTarget;
			buildConfigurationList = C5BD084F1C1C7549002F0F36 /* Build configuration list for PBXNativeTarget "JS_OjbC_Interaction_Demo" */;
			buildPhases = (
				C5BD081E1C1C7548002F0F36 /* Sources */,
				C5BD081F1C1C7548002F0F36 /* Frameworks */,
				C5BD08201C1C7548002F0F36 /* Resources */,
			);
			buildRules = (
			);
			dependencies = (
			);
			name = JS_OjbC_Interaction_Demo;
			productName = JS_OjbC_Interaction_Demo;
			productReference = C5BD08221C1C7548002F0F36 /* JS_OjbC_Interaction_Demo.app */;
			productType = "com.apple.product-type.application";
		};
		C5BD083A1C1C7549002F0F36 /* JS_OjbC_Interaction_DemoTests */ = {
			isa = PBXNativeTarget;
			buildConfigurationList = C5BD08521C1C7549002F0F36 /* Build configuration list for PBXNativeTarget "JS_OjbC_Interaction_DemoTests" */;
			buildPhases = (
				C5BD08371C1C7549002F0F36 /* Sources */,
				C5BD08381C1C7549002F0F36 /* Frameworks */,
				C5BD08391C1C7549002F0F36 /* Resources */,
			);
			buildRules = (
			);
			dependencies = (
				C5BD083D1C1C7549002F0F36 /* PBXTargetDependency */,
			);
			name = JS_OjbC_Interaction_DemoTests;
			productName = JS_OjbC_Interaction_DemoTests;
			productReference = C5BD083B1C1C7549002F0F36 /* JS_OjbC_Interaction_DemoTests.xctest */;
			productType = "com.apple.product-type.bundle.unit-test";
		};
		C5BD08451C1C7549002F0F36 /* JS_OjbC_Interaction_DemoUITests */ = {
			isa = PBXNativeTarget;
			buildConfigurationList = C5BD08551C1C7549002F0F36 /* Build configuration list for PBXNativeTarget "JS_OjbC_Interaction_DemoUITests" */;
			buildPhases = (
				C5BD08421C1C7549002F0F36 /* Sources */,
				C5BD08431C1C7549002F0F36 /* Frameworks */,
				C5BD08441C1C7549002F0F36 /* Resources */,
			);
			buildRules = (
			);
			dependencies = (
				C5BD08481C1C7549002F0F36 /* PBXTargetDependency */,
			);
			name = JS_OjbC_Interaction_DemoUITests;
			productName = JS_OjbC_Interaction_DemoUITests;
			productReference = C5BD08461C1C7549002F0F36 /* JS_OjbC_Interaction_DemoUITests.xctest */;
			productType = "com.apple.product-type.bundle.ui-testing";
		};
/* End PBXNativeTarget section */

/* Begin PBXProject section */
		C5BD081A1C1C7548002F0F36 /* Project object */ = {
			isa = PBXProject;
			attributes = {
				LastUpgradeCheck = 0710;
				ORGANIZATIONNAME = iOSLittleSquad;
				TargetAttributes = {
					C5BD08211C1C7548002F0F36 = {
						CreatedOnToolsVersion = 7.1;
					};
					C5BD083A1C1C7549002F0F36 = {
						CreatedOnToolsVersion = 7.1;
						TestTargetID = C5BD08211C1C7548002F0F36;
					};
					C5BD08451C1C7549002F0F36 = {
						CreatedOnToolsVersion = 7.1;
						TestTargetID = C5BD08211C1C7548002F0F36;
					};
				};
			};
			buildConfigurationList = C5BD081D1C1C7548002F0F36 /* Build configuration list for PBXProject "JS_OjbC_Interaction_Demo" */;
			compatibilityVersion = "Xcode 3.2";
			developmentRegion = English;
			hasScannedForEncodings = 0;
			knownRegions = (
				en,
				Base,
			);
			mainGroup = C5BD08191C1C7548002F0F36;
			productRefGroup = C5BD08231C1C7548002F0F36 /* Products */;
			projectDirPath = "";
			projectRoot = "";
			targets = (
				C5BD08211C1C7548002F0F36 /* JS_OjbC_Interaction_Demo */,
				C5BD083A1C1C7549002F0F36 /* JS_OjbC_Interaction_DemoTests */,
				C5BD08451C1C7549002F0F36 /* JS_OjbC_Interaction_DemoUITests */,
			);
		};
/* End PBXProject section */

/* Begin PBXResourcesBuildPhase section */
		C5BD08201C1C7548002F0F36 /* Resources */ = {
			isa = PBXResourcesBuildPhase;
			buildActionMask = 2147483647;
			files = (
				C5BD08591C1C75B6002F0F36 /* Test.html in Resources */,
				C5BD08351C1C7548002F0F36 /* LaunchScreen.storyboard in Resources */,
				C5BD08321C1C7548002F0F36 /* Assets.xcassets in Resources */,
				C5BD08301C1C7548002F0F36 /* Main.storyboard in Resources */,
			);
			runOnlyForDeploymentPostprocessing = 0;
		};
		C5BD08391C1C7549002F0F36 /* Resources */ = {
			isa = PBXResourcesBuildPhase;
			buildActionMask = 2147483647;
			files = (
			);
			runOnlyForDeploymentPostprocessing = 0;
		};
		C5BD08441C1C7549002F0F36 /* Resources */ = {
			isa = PBXResourcesBuildPhase;
			buildActionMask = 2147483647;
			files = (
			);
			runOnlyForDeploymentPostprocessing = 0;
		};
/* End PBXResourcesBuildPhase section */

/* Begin PBXSourcesBuildPhase section */
		C5BD081E1C1C7548002F0F36 /* Sources */ = {
			isa = PBXSourcesBuildPhase;
			buildActionMask = 2147483647;
			files = (
				C5BD082D1C1C7548002F0F36 /* ViewController.m in Sources */,
				C5BD082A1C1C7548002F0F36 /* AppDelegate.m in Sources */,
				C5BD08271C1C7548002F0F36 /* main.m in Sources */,
				C5BD085C1C1C760D002F0F36 /* JavaScriptContext.m in Sources */,
			);
			runOnlyForDeploymentPostprocessing = 0;
		};
		C5BD08371C1C7549002F0F36 /* Sources */ = {
			isa = PBXSourcesBuildPhase;
			buildActionMask = 2147483647;
			files = (
				C5BD08401C1C7549002F0F36 /* JS_OjbC_Interaction_DemoTests.m in Sources */,
			);
			runOnlyForDeploymentPostprocessing = 0;
		};
		C5BD08421C1C7549002F0F36 /* Sources */ = {
			isa = PBXSourcesBuildPhase;
			buildActionMask = 2147483647;
			files = (
				C5BD084B1C1C7549002F0F36 /* JS_OjbC_Interaction_DemoUITests.m in Sources */,
			);
			runOnlyForDeploymentPostprocessing = 0;
		};
/* End PBXSourcesBuildPhase section */

/* Begin PBXTargetDependency section */
		C5BD083D1C1C7549002F0F36 /* PBXTargetDependency */ = {
			isa = PBXTargetDependency;
			target = C5BD08211C1C7548002F0F36 /* JS_OjbC_Interaction_Demo */;
			targetProxy = C5BD083C1C1C7549002F0F36 /* PBXContainerItemProxy */;
		};
		C5BD08481C1C7549002F0F36 /* PBXTargetDependency */ = {
			isa = PBXTargetDependency;
			target = C5BD08211C1C7548002F0F36 /* JS_OjbC_Interaction_Demo */;
			targetProxy = C5BD08471C1C7549002F0F36 /* PBXContainerItemProxy */;
		};
/* End PBXTargetDependency section */

/* Begin PBXVariantGroup section */
		C5BD082E1C1C7548002F0F36 /* Main.storyboard */ = {
			isa = PBXVariantGroup;
			children = (
				C5BD082F1C1C7548002F0F36 /* Base */,
			);
			name = Main.storyboard;
			sourceTree = "<group>";
		};
		C5BD08331C1C7548002F0F36 /* LaunchScreen.storyboard */ = {
			isa = PBXVariantGroup;
			children = (
				C5BD08341C1C7548002F0F36 /* Base */,
			);
			name = LaunchScreen.storyboard;
			sourceTree = "<group>";
		};
/* End PBXVariantGroup section */

/* Begin XCBuildConfiguration section */
		C5BD084D1C1C7549002F0F36 /* Debug */ = {
			isa = XCBuildConfiguration;
			buildSettings = {
				ALWAYS_SEARCH_USER_PATHS = NO;
				CLANG_CXX_LANGUAGE_STANDARD = "gnu++0x";
				CLANG_CXX_LIBRARY = "libc++";
				CLANG_ENABLE_MODULES = YES;
				CLANG_ENABLE_OBJC_ARC = YES;
				CLANG_WARN_BOOL_CONVERSION = YES;
				CLANG_WARN_CONSTANT_CONVERSION = YES;
				CLANG_WARN_DIRECT_OBJC_ISA_USAGE = YES_ERROR;
				CLANG_WARN_EMPTY_BODY = YES;
				CLANG_WARN_ENUM_CONVERSION = YES;
				CLANG_WARN_INT_CONVERSION = YES;
				CLANG_WARN_OBJC_ROOT_CLASS = YES_ERROR;
				CLANG_WARN_UNREACHABLE_CODE = YES;
				CLANG_WARN__DUPLICATE_METHOD_MATCH = YES;
				"CODE_SIGN_IDENTITY[sdk=iphoneos*]" = "iPhone Developer";
				COPY_PHASE_STRIP = NO;
				DEBUG_INFORMATION_FORMAT = dwarf;
				ENABLE_STRICT_OBJC_MSGSEND = YES;
				ENABLE_TESTABILITY = YES;
				GCC_C_LANGUAGE_STANDARD = gnu99;
				GCC_DYNAMIC_NO_PIC = NO;
				GCC_NO_COMMON_BLOCKS = YES;
				GCC_OPTIMIZATION_LEVEL = 0;
				GCC_PREPROCESSOR_DEFINITIONS = (
					"DEBUG=1",
					"$(inherited)",
				);
				GCC_WARN_64_TO_32_BIT_CONVERSION = YES;
				GCC_WARN_ABOUT_RETURN_TYPE = YES_ERROR;
				GCC_WARN_UNDECLARED_SELECTOR = YES;
				GCC_WARN_UNINITIALIZED_AUTOS = YES_AGGRESSIVE;
				GCC_WARN_UNUSED_FUNCTION = YES;
				GCC_WARN_UNUSED_VARIABLE = YES;
				IPHONEOS_DEPLOYMENT_TARGET = 9.1;
				MTL_ENABLE_DEBUG_INFO = YES;
				ONLY_ACTIVE_ARCH = YES;
				SDKROOT = iphoneos;
			};
			name = Debug;
		};
		C5BD084E1C1C7549002F0F36 /* Release */ = {
			isa = XCBuildConfiguration;
			buildSettings = {
				ALWAYS_SEARCH_USER_PATHS = NO;
				CLANG_CXX_LANGUAGE_STANDARD = "gnu++0x";
				CLANG_CXX_LIBRARY = "libc++";
				CLANG_ENABLE_MODULES = YES;
				CLANG_ENABLE_OBJC_ARC = YES;
				CLANG_WARN_BOOL_CONVERSION = YES;
				CLANG_WARN_CONSTANT_CONVERSION = YES;
				CLANG_WARN_DIRECT_OBJC_ISA_USAGE = YES_ERROR;
				CLANG_WARN_EMPTY_BODY = YES;
				CLANG_WARN_ENUM_CONVERSION = YES;
				CLANG_WARN_INT_CONVERSION = YES;
				CLANG_WARN_OBJC_ROOT_CLASS = YES_ERROR;
				CLANG_WARN_UNREACHABLE_CODE = YES;
				CLANG_WARN__DUPLICATE_METHOD_MATCH = YES;
				"CODE_SIGN_IDENTITY[sdk=iphoneos*]" = "iPhone Developer";
				COPY_PHASE_STRIP = NO;
				DEBUG_INFORMATION_FORMAT = "dwarf-with-dsym";
				ENABLE_NS_ASSERTIONS = NO;
				ENABLE_STRICT_OBJC_MSGSEND = YES;
				GCC_C_LANGUAGE_STANDARD = gnu99;
				GCC_NO_COMMON_BLOCKS = YES;
				GCC_WARN_64_TO_32_BIT_CONVERSION = YES;
				GCC_WARN_ABOUT_RETURN_TYPE = YES_ERROR;
				GCC_WARN_UNDECLARED_SELECTOR = YES;
				GCC_WARN_UNINITIALIZED_AUTOS = YES_AGGRESSIVE;
				GCC_WARN_UNUSED_FUNCTION = YES;
				GCC_WARN_UNUSED_VARIABLE = YES;
				IPHONEOS_DEPLOYMENT_TARGET = 9.1;
				MTL_ENABLE_DEBUG_INFO = NO;
				SDKROOT = iphoneos;
				VALIDATE_PRODUCT = YES;
			};
			name = Release;
		};
		C5BD08501C1C7549002F0F36 /* Debug */ = {
			isa = XCBuildConfiguration;
			buildSettings = {
				ASSETCATALOG_COMPILER_APPICON_NAME = AppIcon;
				INFOPLIST_FILE = JS_OjbC_Interaction_Demo/Info.plist;
				LD_RUNPATH_SEARCH_PATHS = "$(inherited) @executable_path/Frameworks";
				PRODUCT_BUNDLE_IDENTIFIER = "com.-iOSLittleSquad.JS-OjbC-Interaction-Demo";
				PRODUCT_NAME = "$(TARGET_NAME)";
			};
			name = Debug;
		};
		C5BD08511C1C7549002F0F36 /* Release */ = {
			isa = XCBuildConfiguration;
			buildSettings = {
				ASSETCATALOG_COMPILER_APPICON_NAME = AppIcon;
				INFOPLIST_FILE = JS_OjbC_Interaction_Demo/Info.plist;
				LD_RUNPATH_SEARCH_PATHS = "$(inherited) @executable_path/Frameworks";
				PRODUCT_BUNDLE_IDENTIFIER = "com.-iOSLittleSquad.JS-OjbC-Interaction-Demo";
				PRODUCT_NAME = "$(TARGET_NAME)";
			};
			name = Release;
		};
		C5BD08531C1C7549002F0F36 /* Debug */ = {
			isa = XCBuildConfiguration;
			buildSettings = {
				BUNDLE_LOADER = "$(TEST_HOST)";
				INFOPLIST_FILE = JS_OjbC_Interaction_DemoTests/Info.plist;
				LD_RUNPATH_SEARCH_PATHS = "$(inherited) @executable_path/Frameworks @loader_path/Frameworks";
				PRODUCT_BUNDLE_IDENTIFIER = "com.-iOSLittleSquad.JS-OjbC-Interaction-DemoTests";
				PRODUCT_NAME = "$(TARGET_NAME)";
				TEST_HOST = "$(BUILT_PRODUCTS_DIR)/JS_OjbC_Interaction_Demo.app/JS_OjbC_Interaction_Demo";
			};
			name = Debug;
		};
		C5BD08541C1C7549002F0F36 /* Release */ = {
			isa = XCBuildConfiguration;
			buildSettings = {
				BUNDLE_LOADER = "$(TEST_HOST)";
				INFOPLIST_FILE = JS_OjbC_Interaction_DemoTests/Info.plist;
				LD_RUNPATH_SEARCH_PATHS = "$(inherited) @executable_path/Frameworks @loader_path/Frameworks";
				PRODUCT_BUNDLE_IDENTIFIER = "com.-iOSLittleSquad.JS-OjbC-Interaction-DemoTests";
				PRODUCT_NAME = "$(TARGET_NAME)";
				TEST_HOST = "$(BUILT_PRODUCTS_DIR)/JS_OjbC_Interaction_Demo.app/JS_OjbC_Interaction_Demo";
			};
			name = Release;
		};
		C5BD08561C1C7549002F0F36 /* Debug */ = {
			isa = XCBuildConfiguration;
			buildSettings = {
				INFOPLIST_FILE = JS_OjbC_Interaction_DemoUITests/Info.plist;
				LD_RUNPATH_SEARCH_PATHS = "$(inherited) @executable_path/Frameworks @loader_path/Frameworks";
				PRODUCT_BUNDLE_IDENTIFIER = "com.-iOSLittleSquad.JS-OjbC-Interaction-DemoUITests";
				PRODUCT_NAME = "$(TARGET_NAME)";
				TEST_TARGET_NAME = JS_OjbC_Interaction_Demo;
				USES_XCTRUNNER = YES;
			};
			name = Debug;
		};
		C5BD08571C1C7549002F0F36 /* Release */ = {
			isa = XCBuildConfiguration;
			buildSettings = {
				INFOPLIST_FILE = JS_OjbC_Interaction_DemoUITests/Info.plist;
				LD_RUNPATH_SEARCH_PATHS = "$(inherited) @executable_path/Frameworks @loader_path/Frameworks";
				PRODUCT_BUNDLE_IDENTIFIER = "com.-iOSLittleSquad.JS-OjbC-Interaction-DemoUITests";
				PRODUCT_NAME = "$(TARGET_NAME)";
				TEST_TARGET_NAME = JS_OjbC_Interaction_Demo;
				USES_XCTRUNNER = YES;
			};
			name = Release;
		};
/* End XCBuildConfiguration section */

/* Begin XCConfigurationList section */
		C5BD081D1C1C7548002F0F36 /* Build configuration list for PBXProject "JS_OjbC_Interaction_Demo" */ = {
			isa = XCConfigurationList;
			buildConfigurations = (
				C5BD084D1C1C7549002F0F36 /* Debug */,
				C5BD084E1C1C7549002F0F36 /* Release */,
			);
			defaultConfigurationIsVisible = 0;
			defaultConfigurationName = Release;
		};
		C5BD084F1C1C7549002F0F36 /* Build configuration list for PBXNativeTarget "JS_OjbC_Interaction_Demo" */ = {
			isa = XCConfigurationList;
			buildConfigurations = (
				C5BD08501C1C7549002F0F36 /* Debug */,
				C5BD08511C1C7549002F0F36 /* Release */,
			);
			defaultConfigurationIsVisible = 0;
		};
		C5BD08521C1C7549002F0F36 /* Build configuration list for PBXNativeTarget "JS_OjbC_Interaction_DemoTests" */ = {
			isa = XCConfigurationList;
			buildConfigurations = (
				C5BD08531C1C7549002F0F36 /* Debug */,
				C5BD08541C1C7549002F0F36 /* Release */,
			);
			defaultConfigurationIsVisible = 0;
		};
		C5BD08551C1C7549002F0F36 /* Build configuration list for PBXNativeTarget "JS_OjbC_Interaction_DemoUITests" */ = {
			isa = XCConfigurationList;
			buildConfigurations = (
				C5BD08561C1C7549002F0F36 /* Debug */,
				C5BD08571C1C7549002F0F36 /* Release */,
			);
			defaultConfigurationIsVisible = 0;
		};
/* End XCConfigurationList section */
	};
	rootObject = C5BD081A1C1C7548002F0F36 /* Project object */;
}
